
Microsoft Visual Studio Solution File, Format Version 12.00
# Visual Studio Version 16
VisualStudioVersion = 16.0.30114.105
MinimumVisualStudioVersion = 10.0.40219.1
Project("{FAE04EC0-301F-11D3-BF4B-00C04F79EFBC}") = "Cake.Console", "Cake.Console\Cake.Console.csproj", "{06FBE609-B212-4A62-98FD-5DDE431C81CC}"
EndProject
Project("{FAE04EC0-301F-11D3-BF4B-00C04F79EFBC}") = "Cake.Console.Tests", "Cake.Console.Tests\Cake.Console.Tests.csproj", "{D87FDEDA-EE08-4EC7-A446-32BFC9367998}"
EndProject
Project("{FAE04EC0-301F-11D3-BF4B-00C04F79EFBC}") = "build", "..\build\build.csproj", "{C7E933B7-46D9-493A-A193-834C9E5F3796}"
EndProject
Global
	GlobalSection(SolutionConfigurationPlatforms) = preSolution
		Debug|Any CPU = Debug|Any CPU
		Debug|x64 = Debug|x64
		Debug|x86 = Debug|x86
		Release|Any CPU = Release|Any CPU
		Release|x64 = Release|x64
		Release|x86 = Release|x86
	EndGlobalSection
	GlobalSection(SolutionProperties) = preSolution
		HideSolutionNode = FALSE
	EndGlobalSection
	GlobalSection(ProjectConfigurationPlatforms) = postSolution
		{06FBE609-B212-4A62-98FD-5DDE431C81CC}.Debug|Any CPU.ActiveCfg = Debug|Any CPU
		{06FBE609-B212-4A62-98FD-5DDE431C81CC}.Debug|Any CPU.Build.0 = Debug|Any CPU
		{06FBE609-B212-4A62-98FD-5DDE431C81CC}.Debug|x64.ActiveCfg = Debug|Any CPU
		{06FBE609-B212-4A62-98FD-5DDE431C81CC}.Debug|x64.Build.0 = Debug|Any CPU
		{06FBE609-B212-4A62-98FD-5DDE431C81CC}.Debug|x86.ActiveCfg = Debug|Any CPU
		{06FBE609-B212-4A62-98FD-5DDE431C81CC}.Debug|x86.Build.0 = Debug|Any CPU
		{06FBE609-B212-4A62-98FD-5DDE431C81CC}.Release|Any CPU.ActiveCfg = Release|Any CPU
		{06FBE609-B212-4A62-98FD-5DDE431C81CC}.Release|Any CPU.Build.0 = Release|Any CPU
		{06FBE609-B212-4A62-98FD-5DDE431C81CC}.Release|x64.ActiveCfg = Release|Any CPU
		{06FBE609-B212-4A62-98FD-5DDE431C81CC}.Release|x64.Build.0 = Release|Any CPU
		{06FBE609-B212-4A62-98FD-5DDE431C81CC}.Release|x86.ActiveCfg = Release|Any CPU
		{06FBE609-B212-4A62-98FD-5DDE431C81CC}.Release|x86.Build.0 = Release|Any CPU
		{D87FDEDA-EE08-4EC7-A446-32BFC9367998}.Debug|Any CPU.ActiveCfg = Debug|Any CPU
		{D87FDEDA-EE08-4EC7-A446-32BFC9367998}.Debug|Any CPU.Build.0 = Debug|Any CPU
		{D87FDEDA-EE08-4EC7-A446-32BFC9367998}.Debug|x64.ActiveCfg = Debug|Any CPU
		{D87FDEDA-EE08-4EC7-A446-32BFC9367998}.Debug|x64.Build.0 = Debug|Any CPU
		{D87FDEDA-EE08-4EC7-A446-32BFC9367998}.Debug|x86.ActiveCfg = Debug|Any CPU
		{D87FDEDA-EE08-4EC7-A446-32BFC9367998}.Debug|x86.Build.0 = Debug|Any CPU
		{D87FDEDA-EE08-4EC7-A446-32BFC9367998}.Release|Any CPU.ActiveCfg = Release|Any CPU
		{D87FDEDA-EE08-4EC7-A446-32BFC9367998}.Release|Any CPU.Build.0 = Release|Any CPU
		{D87FDEDA-EE08-4EC7-A446-32BFC9367998}.Release|x64.ActiveCfg = Release|Any CPU
		{D87FDEDA-EE08-4EC7-A446-32BFC9367998}.Release|x64.Build.0 = Release|Any CPU
		{D87FDEDA-EE08-4EC7-A446-32BFC9367998}.Release|x86.ActiveCfg = Release|Any CPU
		{D87FDEDA-EE08-4EC7-A446-32BFC9367998}.Release|x86.Build.0 = Release|Any CPU
		{C7E933B7-46D9-493A-A193-834C9E5F3796}.Debug|Any CPU.ActiveCfg = Debug|Any CPU
		{C7E933B7-46D9-493A-A193-834C9E5F3796}.Debug|Any CPU.Build.0 = Debug|Any CPU
		{C7E933B7-46D9-493A-A193-834C9E5F3796}.Debug|x64.ActiveCfg = Debug|Any CPU
		{C7E933B7-46D9-493A-A193-834C9E5F3796}.Debug|x64.Build.0 = Debug|Any CPU
		{C7E933B7-46D9-493A-A193-834C9E5F3796}.Debug|x86.ActiveCfg = Debug|Any CPU
		{C7E933B7-46D9-493A-A193-834C9E5F3796}.Debug|x86.Build.0 = Debug|Any CPU
		{C7E933B7-46D9-493A-A193-834C9E5F3796}.Release|Any CPU.ActiveCfg = Release|Any CPU
		{C7E933B7-46D9-493A-A193-834C9E5F3796}.Release|Any CPU.Build.0 = Release|Any CPU
		{C7E933B7-46D9-493A-A193-834C9E5F3796}.Release|x64.ActiveCfg = Release|Any CPU
		{C7E933B7-46D9-493A-A193-834C9E5F3796}.Release|x64.Build.0 = Release|Any CPU
		{C7E933B7-46D9-493A-A193-834C9E5F3796}.Release|x86.ActiveCfg = Release|Any CPU
		{C7E933B7-46D9-493A-A193-834C9E5F3796}.Release|x86.Build.0 = Release|Any CPU
	EndGlobalSection
EndGlobal
